PODS:
  - Capacitor (1.0.0-beta.21):
    - CapacitorCordova (= 1.0.0-beta.21)
  - CapacitorCordova (1.0.0-beta.21)

DEPENDENCIES:
  - "Capacitor (from `../../node_modules/@capacitor/ios`)"
  - "CapacitorCordova (from `../../node_modules/@capacitor/ios`)"

EXTERNAL SOURCES:
  Capacitor:
    :path: "../../node_modules/@capacitor/ios"
  CapacitorCordova:
    :path: "../../node_modules/@capacitor/ios"

SPEC CHECKSUMS:
  Capacitor: 3ef4e8bed3f5491cc56bfba704e8e78521aea225
  CapacitorCordova: 565e79a19d9ccdf9131f290cbf1a6bdc3f441b5e

PODFILE CHECKSUM: 15e70bb71fc6b0da4e2d94d4b8f02e6bbc0472c6

COCOAPODS: 1.5.3
