PODS:
  - Branch (0.25.11):
    - Branch/Core (= 0.25.11)
  - Branch/Core (0.25.11)
  - Capacitor (1.0.0):
    - CapacitorCordova (= 1.0.0)
  - CapacitorCordova (1.0.0)

DEPENDENCIES:
  - Branch
  - "Capacitor (from `../../node_modules/@capacitor/ios`)"
  - "CapacitorCordova (from `../../node_modules/@capacitor/ios`)"

SPEC REPOS:
  https://github.com/cocoapods/specs.git:
    - Branch

EXTERNAL SOURCES:
  Capacitor:
    :path: "../../node_modules/@capacitor/ios"
  CapacitorCordova:
    :path: "../../node_modules/@capacitor/ios"

SPEC CHECKSUMS:
  Branch: 3cc6dcfd726db42ced22c418c0fb09aa5e90a847
  Capacitor: ff8f4e69d5772b0e28c3ff3ee0d3466d38bdaa44
  CapacitorCordova: c3be8b45d71cca1e2d3079839e7c760c9de617ae

PODFILE CHECKSUM: 95c9c33ec8ba0f5962e20f81ac2aad50f5bcf5d7

COCOAPODS: 1.5.3
